
Microsoft Visual Studio Solution File, Format Version 12.00
# Visual Studio 14
VisualStudioVersion = 14.0.25420.1
MinimumVisualStudioVersion = 10.0.40219.1
Project("{FAE04EC0-301F-11D3-BF4B-00C04F79EFBC}") = "DesignContest.WinApp", "DesignContest.WinApp\DesignContest.WinApp.csproj", "{B014DB18-1196-4CD2-828B-76AA796BDDA6}"
EndProject
Project("{FAE04EC0-301F-11D3-BF4B-00C04F79EFBC}") = "DesignContest.BLL", "DesignContest.BLL\DesignContest.BLL.csproj", "{FCEAEADA-CDB0-4CC9-B0E8-2858F620318C}"
EndProject
Project("{FAE04EC0-301F-11D3-BF4B-00C04F79EFBC}") = "DesignContest.DAL", "DesignContest.DAL\DesignContest.DAL.csproj", "{225919DF-CEF1-4F7D-921A-88BA46C00F1C}"
EndProject
Project("{FAE04EC0-301F-11D3-BF4B-00C04F79EFBC}") = "DesignContest.Common", "DesignContest.Common\DesignContest.Common.csproj", "{F5B11B00-F561-412E-BE76-13C68636E186}"
EndProject
Project("{FAE04EC0-301F-11D3-BF4B-00C04F79EFBC}") = "DesignContest.WebApp", "DesignContest.WebApp\DesignContest.WebApp.csproj", "{20CF1B78-F2C1-483F-BD1D-F58689A0B14C}"
EndProject
Project("{FAE04EC0-301F-11D3-BF4B-00C04F79EFBC}") = "DesignContest.Entity", "DesignContest.Entity\DesignContest.Entity.csproj", "{F2B06BD2-CD93-45CC-8ABB-4E52EFFCB9E9}"
EndProject
Global
	GlobalSection(SolutionConfigurationPlatforms) = preSolution
		CD_ROM|Any CPU = CD_ROM|Any CPU
		Debug|Any CPU = Debug|Any CPU
		DVD-5|Any CPU = DVD-5|Any CPU
		Release|Any CPU = Release|Any CPU
		SingleImage|Any CPU = SingleImage|Any CPU
	EndGlobalSection
	GlobalSection(ProjectConfigurationPlatforms) = postSolution
		{B014DB18-1196-4CD2-828B-76AA796BDDA6}.CD_ROM|Any CPU.ActiveCfg = Release|Any CPU
		{B014DB18-1196-4CD2-828B-76AA796BDDA6}.CD_ROM|Any CPU.Build.0 = Release|Any CPU
		{B014DB18-1196-4CD2-828B-76AA796BDDA6}.Debug|Any CPU.ActiveCfg = Debug|Any CPU
		{B014DB18-1196-4CD2-828B-76AA796BDDA6}.Debug|Any CPU.Build.0 = Debug|Any CPU
		{B014DB18-1196-4CD2-828B-76AA796BDDA6}.DVD-5|Any CPU.ActiveCfg = Debug|Any CPU
		{B014DB18-1196-4CD2-828B-76AA796BDDA6}.DVD-5|Any CPU.Build.0 = Debug|Any CPU
		{B014DB18-1196-4CD2-828B-76AA796BDDA6}.Release|Any CPU.ActiveCfg = Release|Any CPU
		{B014DB18-1196-4CD2-828B-76AA796BDDA6}.Release|Any CPU.Build.0 = Release|Any CPU
		{B014DB18-1196-4CD2-828B-76AA796BDDA6}.SingleImage|Any CPU.ActiveCfg = Release|Any CPU
		{B014DB18-1196-4CD2-828B-76AA796BDDA6}.SingleImage|Any CPU.Build.0 = Release|Any CPU
		{FCEAEADA-CDB0-4CC9-B0E8-2858F620318C}.CD_ROM|Any CPU.ActiveCfg = Release|Any CPU
		{FCEAEADA-CDB0-4CC9-B0E8-2858F620318C}.CD_ROM|Any CPU.Build.0 = Release|Any CPU
		{FCEAEADA-CDB0-4CC9-B0E8-2858F620318C}.Debug|Any CPU.ActiveCfg = Debug|Any CPU
		{FCEAEADA-CDB0-4CC9-B0E8-2858F620318C}.Debug|Any CPU.Build.0 = Debug|Any CPU
		{FCEAEADA-CDB0-4CC9-B0E8-2858F620318C}.DVD-5|Any CPU.ActiveCfg = Debug|Any CPU
		{FCEAEADA-CDB0-4CC9-B0E8-2858F620318C}.DVD-5|Any CPU.Build.0 = Debug|Any CPU
		{FCEAEADA-CDB0-4CC9-B0E8-2858F620318C}.Release|Any CPU.ActiveCfg = Release|Any CPU
		{FCEAEADA-CDB0-4CC9-B0E8-2858F620318C}.Release|Any CPU.Build.0 = Release|Any CPU
		{FCEAEADA-CDB0-4CC9-B0E8-2858F620318C}.SingleImage|Any CPU.ActiveCfg = Release|Any CPU
		{FCEAEADA-CDB0-4CC9-B0E8-2858F620318C}.SingleImage|Any CPU.Build.0 = Release|Any CPU
		{225919DF-CEF1-4F7D-921A-88BA46C00F1C}.CD_ROM|Any CPU.ActiveCfg = Release|Any CPU
		{225919DF-CEF1-4F7D-921A-88BA46C00F1C}.CD_ROM|Any CPU.Build.0 = Release|Any CPU
		{225919DF-CEF1-4F7D-921A-88BA46C00F1C}.Debug|Any CPU.ActiveCfg = Debug|Any CPU
		{225919DF-CEF1-4F7D-921A-88BA46C00F1C}.Debug|Any CPU.Build.0 = Debug|Any CPU
		{225919DF-CEF1-4F7D-921A-88BA46C00F1C}.DVD-5|Any CPU.ActiveCfg = Debug|Any CPU
		{225919DF-CEF1-4F7D-921A-88BA46C00F1C}.DVD-5|Any CPU.Build.0 = Debug|Any CPU
		{225919DF-CEF1-4F7D-921A-88BA46C00F1C}.Release|Any CPU.ActiveCfg = Release|Any CPU
		{225919DF-CEF1-4F7D-921A-88BA46C00F1C}.Release|Any CPU.Build.0 = Release|Any CPU
		{225919DF-CEF1-4F7D-921A-88BA46C00F1C}.SingleImage|Any CPU.ActiveCfg = Release|Any CPU
		{225919DF-CEF1-4F7D-921A-88BA46C00F1C}.SingleImage|Any CPU.Build.0 = Release|Any CPU
		{F5B11B00-F561-412E-BE76-13C68636E186}.CD_ROM|Any CPU.ActiveCfg = Release|Any CPU
		{F5B11B00-F561-412E-BE76-13C68636E186}.CD_ROM|Any CPU.Build.0 = Release|Any CPU
		{F5B11B00-F561-412E-BE76-13C68636E186}.Debug|Any CPU.ActiveCfg = Debug|Any CPU
		{F5B11B00-F561-412E-BE76-13C68636E186}.Debug|Any CPU.Build.0 = Debug|Any CPU
		{F5B11B00-F561-412E-BE76-13C68636E186}.DVD-5|Any CPU.ActiveCfg = Debug|Any CPU
		{F5B11B00-F561-412E-BE76-13C68636E186}.DVD-5|Any CPU.Build.0 = Debug|Any CPU
		{F5B11B00-F561-412E-BE76-13C68636E186}.Release|Any CPU.ActiveCfg = Release|Any CPU
		{F5B11B00-F561-412E-BE76-13C68636E186}.Release|Any CPU.Build.0 = Release|Any CPU
		{F5B11B00-F561-412E-BE76-13C68636E186}.SingleImage|Any CPU.ActiveCfg = Release|Any CPU
		{F5B11B00-F561-412E-BE76-13C68636E186}.SingleImage|Any CPU.Build.0 = Release|Any CPU
		{20CF1B78-F2C1-483F-BD1D-F58689A0B14C}.CD_ROM|Any CPU.ActiveCfg = Release|Any CPU
		{20CF1B78-F2C1-483F-BD1D-F58689A0B14C}.CD_ROM|Any CPU.Build.0 = Release|Any CPU
		{20CF1B78-F2C1-483F-BD1D-F58689A0B14C}.Debug|Any CPU.ActiveCfg = Debug|Any CPU
		{20CF1B78-F2C1-483F-BD1D-F58689A0B14C}.Debug|Any CPU.Build.0 = Debug|Any CPU
		{20CF1B78-F2C1-483F-BD1D-F58689A0B14C}.DVD-5|Any CPU.ActiveCfg = Debug|Any CPU
		{20CF1B78-F2C1-483F-BD1D-F58689A0B14C}.DVD-5|Any CPU.Build.0 = Debug|Any CPU
		{20CF1B78-F2C1-483F-BD1D-F58689A0B14C}.Release|Any CPU.ActiveCfg = Release|Any CPU
		{20CF1B78-F2C1-483F-BD1D-F58689A0B14C}.Release|Any CPU.Build.0 = Release|Any CPU
		{20CF1B78-F2C1-483F-BD1D-F58689A0B14C}.SingleImage|Any CPU.ActiveCfg = Release|Any CPU
		{20CF1B78-F2C1-483F-BD1D-F58689A0B14C}.SingleImage|Any CPU.Build.0 = Release|Any CPU
		{F2B06BD2-CD93-45CC-8ABB-4E52EFFCB9E9}.CD_ROM|Any CPU.ActiveCfg = Release|Any CPU
		{F2B06BD2-CD93-45CC-8ABB-4E52EFFCB9E9}.CD_ROM|Any CPU.Build.0 = Release|Any CPU
		{F2B06BD2-CD93-45CC-8ABB-4E52EFFCB9E9}.Debug|Any CPU.ActiveCfg = Debug|Any CPU
		{F2B06BD2-CD93-45CC-8ABB-4E52EFFCB9E9}.Debug|Any CPU.Build.0 = Debug|Any CPU
		{F2B06BD2-CD93-45CC-8ABB-4E52EFFCB9E9}.DVD-5|Any CPU.ActiveCfg = Debug|Any CPU
		{F2B06BD2-CD93-45CC-8ABB-4E52EFFCB9E9}.DVD-5|Any CPU.Build.0 = Debug|Any CPU
		{F2B06BD2-CD93-45CC-8ABB-4E52EFFCB9E9}.Release|Any CPU.ActiveCfg = Release|Any CPU
		{F2B06BD2-CD93-45CC-8ABB-4E52EFFCB9E9}.Release|Any CPU.Build.0 = Release|Any CPU
		{F2B06BD2-CD93-45CC-8ABB-4E52EFFCB9E9}.SingleImage|Any CPU.ActiveCfg = Release|Any CPU
		{F2B06BD2-CD93-45CC-8ABB-4E52EFFCB9E9}.SingleImage|Any CPU.Build.0 = Release|Any CPU
	EndGlobalSection
	GlobalSection(SolutionProperties) = preSolution
		HideSolutionNode = FALSE
	EndGlobalSection
EndGlobal
